PODS:
  - CJPopupView (1.3.0)
  - RadioButtons (2.1.2)

DEPENDENCIES:
  - CJPopupView (~> 1.3.0)
  - RadioButtons (~> 2.1.2)

SPEC CHECKSUMS:
  CJPopupView: 1da13b227dc3121302fa1813bc83acf11f96b23e
  RadioButtons: 913e4f2327e77533bb46660bc8733fdef43e2989

PODFILE CHECKSUM: f00dce6f8e73f76e35f14f1374ca89ae68cf148f

COCOAPODS: 1.0.0
