// !$*UTF8*$!
{
	archiveVersion = 1;
	classes = {
	};
	objectVersion = 46;
	objects = {

/* Begin PBXBuildFile section */
		780768911E20D27800756B92 /* main.m in Sources */ = {isa = PBXBuildFile; fileRef = 780768901E20D27800756B92 /* main.m */; };
		780768941E20D27800756B92 /* AppDelegate.m in Sources */ = {isa = PBXBuildFile; fileRef = 780768931E20D27800756B92 /* AppDelegate.m */; };
		780768971E20D27800756B92 /* ViewController.m in Sources */ = {isa = PBXBuildFile; fileRef = 780768961E20D27800756B92 /* ViewController.m */; };
		7807689A1E20D27800756B92 /* Main.storyboard in Resources */ = {isa = PBXBuildFile; fileRef = 780768981E20D27800756B92 /* Main.storyboard */; };
		7807689C1E20D27800756B92 /* Assets.xcassets in Resources */ = {isa = PBXBuildFile; fileRef = 7807689B1E20D27800756B92 /* Assets.xcassets */; };
		7807689F1E20D27800756B92 /* LaunchScreen.storyboard in Resources */ = {isa = PBXBuildFile; fileRef = 7807689D1E20D27800756B92 /* LaunchScreen.storyboard */; };
		780768AA1E20D27800756B92 /* FileChooseViewDemoTests.m in Sources */ = {isa = PBXBuildFile; fileRef = 780768A91E20D27800756B92 /* FileChooseViewDemoTests.m */; };
		780768B51E20D27800756B92 /* FileChooseViewDemoUITests.m in Sources */ = {isa = PBXBuildFile; fileRef = 780768B41E20D27800756B92 /* FileChooseViewDemoUITests.m */; };
		7817E4861E30621E007CE2AA /* FileChooseViewController.m in Sources */ = {isa = PBXBuildFile; fileRef = 7817E4841E30621E007CE2AA /* FileChooseViewController.m */; };
		7817E4871E30621E007CE2AA /* FileChooseViewController.xib in Resources */ = {isa = PBXBuildFile; fileRef = 7817E4851E30621E007CE2AA /* FileChooseViewController.xib */; };
		7817E4E31E30B120007CE2AA /* CJBaseCollectionViewCell.m in Sources */ = {isa = PBXBuildFile; fileRef = 7817E4CA1E30B120007CE2AA /* CJBaseCollectionViewCell.m */; };
		7817E4E41E30B120007CE2AA /* CJUploadCollectionViewCell+ConfigureForBaseUploadItem.m in Sources */ = {isa = PBXBuildFile; fileRef = 7817E4CC1E30B120007CE2AA /* CJUploadCollectionViewCell+ConfigureForBaseUploadItem.m */; };
		7817E4E51E30B120007CE2AA /* CJUploadCollectionViewCell.m in Sources */ = {isa = PBXBuildFile; fileRef = 7817E4CE1E30B120007CE2AA /* CJUploadCollectionViewCell.m */; };
		7817E4E61E30B120007CE2AA /* CJUploadCollectionView+DealAttachUploadItem.m in Sources */ = {isa = PBXBuildFile; fileRef = 7817E4D01E30B120007CE2AA /* CJUploadCollectionView+DealAttachUploadItem.m */; };
		7817E4E71E30B120007CE2AA /* CJUploadCollectionView+DealAudioUploadItem.m in Sources */ = {isa = PBXBuildFile; fileRef = 7817E4D21E30B120007CE2AA /* CJUploadCollectionView+DealAudioUploadItem.m */; };
		7817E4E81E30B120007CE2AA /* CJUploadCollectionView+DealImageUploadItem.m in Sources */ = {isa = PBXBuildFile; fileRef = 7817E4D41E30B120007CE2AA /* CJUploadCollectionView+DealImageUploadItem.m */; };
		7817E4E91E30B120007CE2AA /* CJUploadCollectionView.m in Sources */ = {isa = PBXBuildFile; fileRef = 7817E4D61E30B120007CE2AA /* CJUploadCollectionView.m */; };
		7817E4EA1E30B120007CE2AA /* CJUploadImageCollectionView.m in Sources */ = {isa = PBXBuildFile; fileRef = 7817E4D81E30B120007CE2AA /* CJUploadImageCollectionView.m */; };
		7817E4EB1E30B120007CE2AA /* CJBaseUploadItem.m in Sources */ = {isa = PBXBuildFile; fileRef = 7817E4DB1E30B120007CE2AA /* CJBaseUploadItem.m */; };
		7817E4EC1E30B120007CE2AA /* CJImageUploadItem.m in Sources */ = {isa = PBXBuildFile; fileRef = 7817E4DD1E30B120007CE2AA /* CJImageUploadItem.m */; };
		7817E4ED1E30B120007CE2AA /* cjCollectionViewCellAdd@2x.png in Resources */ = {isa = PBXBuildFile; fileRef = 7817E4DF1E30B120007CE2AA /* cjCollectionViewCellAdd@2x.png */; };
		7817E4EE1E30B120007CE2AA /* cjCollectionViewCellDelete@2x.png in Resources */ = {isa = PBXBuildFile; fileRef = 7817E4E01E30B120007CE2AA /* cjCollectionViewCellDelete@2x.png */; };
		7817E4EF1E30B120007CE2AA /* CJFileChooseToolBar.m in Sources */ = {isa = PBXBuildFile; fileRef = 7817E4E21E30B120007CE2AA /* CJFileChooseToolBar.m */; };
		98537DB65239F448E1326DC7 /* libPods-FileChooseViewDemoTests.a in Frameworks */ = {isa = PBXBuildFile; fileRef = BEDB7FF6CC25526890A8DB3C /* libPods-FileChooseViewDemoTests.a */; };
		F0CE7C55E7A4D6D3D93D9AA1 /* libPods-FileChooseViewDemo.a in Frameworks */ = {isa = PBXBuildFile; fileRef = 539004B0C2EB26792334512E /* libPods-FileChooseViewDemo.a */; };
/* End PBXBuildFile section */

/* Begin PBXContainerItemProxy section */
		780768A61E20D27800756B92 /* PBXContainerItemProxy */ = {
			isa = PBXContainerItemProxy;
			containerPortal = 780768841E20D27800756B92 /* Project object */;
			proxyType = 1;
			remoteGlobalIDString = 7807688B1E20D27800756B92;
			remoteInfo = FileChooseViewDemo;
		};
		780768B11E20D27800756B92 /* PBXContainerItemProxy */ = {
			isa = PBXContainerItemProxy;
			containerPortal = 780768841E20D27800756B92 /* Project object */;
			proxyType = 1;
			remoteGlobalIDString = 7807688B1E20D27800756B92;
			remoteInfo = FileChooseViewDemo;
		};
/* End PBXContainerItemProxy section */

/* Begin PBXFileReference section */
		539004B0C2EB26792334512E /* libPods-FileChooseViewDemo.a */ = {isa = PBXFileReference; explicitFileType = archive.ar; includeInIndex = 0; path = "libPods-FileChooseViewDemo.a"; sourceTree = BUILT_PRODUCTS_DIR; };
		5D98C6CCEDD72A2EE75AA8EC /* Pods-FileChooseViewDemoTests.release.xcconfig */ = {isa = PBXFileReference; includeInIndex = 1; lastKnownFileType = text.xcconfig; name = "Pods-FileChooseViewDemoTests.release.xcconfig"; path = "Pods/Target Support Files/Pods-FileChooseViewDemoTests/Pods-FileChooseViewDemoTests.release.xcconfig"; sourceTree = "<group>"; };
		7807688C1E20D27800756B92 /* FileChooseViewDemo.app */ = {isa = PBXFileReference; explicitFileType = wrapper.application; includeInIndex = 0; path = FileChooseViewDemo.app; sourceTree = BUILT_PRODUCTS_DIR; };
		780768901E20D27800756B92 /* main.m */ = {isa = PBXFileReference; lastKnownFileType = sourcecode.c.objc; path = main.m; sourceTree = "<group>"; };
		780768921E20D27800756B92 /* AppDelegate.h */ = {isa = PBXFileReference; lastKnownFileType = sourcecode.c.h; path = AppDelegate.h; sourceTree = "<group>"; };
		780768931E20D27800756B92 /* AppDelegate.m */ = {isa = PBXFileReference; lastKnownFileType = sourcecode.c.objc; path = AppDelegate.m; sourceTree = "<group>"; };
		780768951E20D27800756B92 /* ViewController.h */ = {isa = PBXFileReference; lastKnownFileType = sourcecode.c.h; path = ViewController.h; sourceTree = "<group>"; };
		780768961E20D27800756B92 /* ViewController.m */ = {isa = PBXFileReference; lastKnownFileType = sourcecode.c.objc; path = ViewController.m; sourceTree = "<group>"; };
		780768991E20D27800756B92 /* Base */ = {isa = PBXFileReference; lastKnownFileType = file.storyboard; name = Base; path = Base.lproj/Main.storyboard; sourceTree = "<group>"; };
		7807689B1E20D27800756B92 /* Assets.xcassets */ = {isa = PBXFileReference; lastKnownFileType = folder.assetcatalog; path = Assets.xcassets; sourceTree = "<group>"; };
		7807689E1E20D27800756B92 /* Base */ = {isa = PBXFileReference; lastKnownFileType = file.storyboard; name = Base; path = Base.lproj/LaunchScreen.storyboard; sourceTree = "<group>"; };
		780768A01E20D27800756B92 /* Info.plist */ = {isa = PBXFileReference; lastKnownFileType = text.plist.xml; path = Info.plist; sourceTree = "<group>"; };
		780768A51E20D27800756B92 /* FileChooseViewDemoTests.xctest */ = {isa = PBXFileReference; explicitFileType = wrapper.cfbundle; includeInIndex = 0; path = FileChooseViewDemoTests.xctest; sourceTree = BUILT_PRODUCTS_DIR; };
		780768A91E20D27800756B92 /* FileChooseViewDemoTests.m */ = {isa = PBXFileReference; lastKnownFileType = sourcecode.c.objc; path = FileChooseViewDemoTests.m; sourceTree = "<group>"; };
		780768AB1E20D27800756B92 /* Info.plist */ = {isa = PBXFileReference; lastKnownFileType = text.plist.xml; path = Info.plist; sourceTree = "<group>"; };
		780768B01E20D27800756B92 /* FileChooseViewDemoUITests.xctest */ = {isa = PBXFileReference; explicitFileType = wrapper.cfbundle; includeInIndex = 0; path = FileChooseViewDemoUITests.xctest; sourceTree = BUILT_PRODUCTS_DIR; };
		780768B41E20D27800756B92 /* FileChooseViewDemoUITests.m */ = {isa = PBXFileReference; lastKnownFileType = sourcecode.c.objc; path = FileChooseViewDemoUITests.m; sourceTree = "<group>"; };
		780768B61E20D27800756B92 /* Info.plist */ = {isa = PBXFileReference; lastKnownFileType = text.plist.xml; path = Info.plist; sourceTree = "<group>"; };
		7817E4831E30621E007CE2AA /* FileChooseViewController.h */ = {isa = PBXFileReference; fileEncoding = 4; lastKnownFileType = sourcecode.c.h; path = FileChooseViewController.h; sourceTree = "<group>"; };
		7817E4841E30621E007CE2AA /* FileChooseViewController.m */ = {isa = PBXFileReference; fileEncoding = 4; lastKnownFileType = sourcecode.c.objc; path = FileChooseViewController.m; sourceTree = "<group>"; };
		7817E4851E30621E007CE2AA /* FileChooseViewController.xib */ = {isa = PBXFileReference; fileEncoding = 4; lastKnownFileType = file.xib; path = FileChooseViewController.xib; sourceTree = "<group>"; };
		7817E4C91E30B120007CE2AA /* CJBaseCollectionViewCell.h */ = {isa = PBXFileReference; fileEncoding = 4; lastKnownFileType = sourcecode.c.h; path = CJBaseCollectionViewCell.h; sourceTree = "<group>"; };
		7817E4CA1E30B120007CE2AA /* CJBaseCollectionViewCell.m */ = {isa = PBXFileReference; fileEncoding = 4; lastKnownFileType = sourcecode.c.objc; path = CJBaseCollectionViewCell.m; sourceTree = "<group>"; };
		7817E4CB1E30B120007CE2AA /* CJUploadCollectionViewCell+ConfigureForBaseUploadItem.h */ = {isa = PBXFileReference; fileEncoding = 4; lastKnownFileType = sourcecode.c.h; path = "CJUploadCollectionViewCell+ConfigureForBaseUploadItem.h"; sourceTree = "<group>"; };
		7817E4CC1E30B120007CE2AA /* CJUploadCollectionViewCell+ConfigureForBaseUploadItem.m */ = {isa = PBXFileReference; fileEncoding = 4; lastKnownFileType = sourcecode.c.objc; path = "CJUploadCollectionViewCell+ConfigureForBaseUploadItem.m"; sourceTree = "<group>"; };
		7817E4CD1E30B120007CE2AA /* CJUploadCollectionViewCell.h */ = {isa = PBXFileReference; fileEncoding = 4; lastKnownFileType = sourcecode.c.h; path = CJUploadCollectionViewCell.h; sourceTree = "<group>"; };
		7817E4CE1E30B120007CE2AA /* CJUploadCollectionViewCell.m */ = {isa = PBXFileReference; fileEncoding = 4; lastKnownFileType = sourcecode.c.objc; path = CJUploadCollectionViewCell.m; sourceTree = "<group>"; };
		7817E4CF1E30B120007CE2AA /* CJUploadCollectionView+DealAttachUploadItem.h */ = {isa = PBXFileReference; fileEncoding = 4; lastKnownFileType = sourcecode.c.h; path = "CJUploadCollectionView+DealAttachUploadItem.h"; sourceTree = "<group>"; };
		7817E4D01E30B120007CE2AA /* CJUploadCollectionView+DealAttachUploadItem.m */ = {isa = PBXFileReference; fileEncoding = 4; lastKnownFileType = sourcecode.c.objc; path = "CJUploadCollectionView+DealAttachUploadItem.m"; sourceTree = "<group>"; };
		7817E4D11E30B120007CE2AA /* CJUploadCollectionView+DealAudioUploadItem.h */ = {isa = PBXFileReference; fileEncoding = 4; lastKnownFileType = sourcecode.c.h; path = "CJUploadCollectionView+DealAudioUploadItem.h"; sourceTree = "<group>"; };
		7817E4D21E30B120007CE2AA /* CJUploadCollectionView+DealAudioUploadItem.m */ = {isa = PBXFileReference; fileEncoding = 4; lastKnownFileType = sourcecode.c.objc; path = "CJUploadCollectionView+DealAudioUploadItem.m"; sourceTree = "<group>"; };
		7817E4D31E30B120007CE2AA /* CJUploadCollectionView+DealImageUploadItem.h */ = {isa = PBXFileReference; fileEncoding = 4; lastKnownFileType = sourcecode.c.h; path = "CJUploadCollectionView+DealImageUploadItem.h"; sourceTree = "<group>"; };
		7817E4D41E30B120007CE2AA /* CJUploadCollectionView+DealImageUploadItem.m */ = {isa = PBXFileReference; fileEncoding = 4; lastKnownFileType = sourcecode.c.objc; path = "CJUploadCollectionView+DealImageUploadItem.m"; sourceTree = "<group>"; };
		7817E4D51E30B120007CE2AA /* CJUploadCollectionView.h */ = {isa = PBXFileReference; fileEncoding = 4; lastKnownFileType = sourcecode.c.h; path = CJUploadCollectionView.h; sourceTree = "<group>"; };
		7817E4D61E30B120007CE2AA /* CJUploadCollectionView.m */ = {isa = PBXFileReference; fileEncoding = 4; lastKnownFileType = sourcecode.c.objc; path = CJUploadCollectionView.m; sourceTree = "<group>"; };
		7817E4D71E30B120007CE2AA /* CJUploadImageCollectionView.h */ = {isa = PBXFileReference; fileEncoding = 4; lastKnownFileType = sourcecode.c.h; path = CJUploadImageCollectionView.h; sourceTree = "<group>"; };
		7817E4D81E30B120007CE2AA /* CJUploadImageCollectionView.m */ = {isa = PBXFileReference; fileEncoding = 4; lastKnownFileType = sourcecode.c.objc; path = CJUploadImageCollectionView.m; sourceTree = "<group>"; };
		7817E4DA1E30B120007CE2AA /* CJBaseUploadItem.h */ = {isa = PBXFileReference; fileEncoding = 4; lastKnownFileType = sourcecode.c.h; path = CJBaseUploadItem.h; sourceTree = "<group>"; };
		7817E4DB1E30B120007CE2AA /* CJBaseUploadItem.m */ = {isa = PBXFileReference; fileEncoding = 4; lastKnownFileType = sourcecode.c.objc; path = CJBaseUploadItem.m; sourceTree = "<group>"; };
		7817E4DC1E30B120007CE2AA /* CJImageUploadItem.h */ = {isa = PBXFileReference; fileEncoding = 4; lastKnownFileType = sourcecode.c.h; path = CJImageUploadItem.h; sourceTree = "<group>"; };
		7817E4DD1E30B120007CE2AA /* CJImageUploadItem.m */ = {isa = PBXFileReference; fileEncoding = 4; lastKnownFileType = sourcecode.c.objc; path = CJImageUploadItem.m; sourceTree = "<group>"; };
		7817E4DF1E30B120007CE2AA /* cjCollectionViewCellAdd@2x.png */ = {isa = PBXFileReference; lastKnownFileType = image.png; path = "cjCollectionViewCellAdd@2x.png"; sourceTree = "<group>"; };
		7817E4E01E30B120007CE2AA /* cjCollectionViewCellDelete@2x.png */ = {isa = PBXFileReference; lastKnownFileType = image.png; path = "cjCollectionViewCellDelete@2x.png"; sourceTree = "<group>"; };
		7817E4E11E30B120007CE2AA /* CJFileChooseToolBar.h */ = {isa = PBXFileReference; fileEncoding = 4; lastKnownFileType = sourcecode.c.h; path = CJFileChooseToolBar.h; sourceTree = "<group>"; };
		7817E4E21E30B120007CE2AA /* CJFileChooseToolBar.m */ = {isa = PBXFileReference; fileEncoding = 4; lastKnownFileType = sourcecode.c.objc; path = CJFileChooseToolBar.m; sourceTree = "<group>"; };
		8ED68FFC9810319207995153 /* Pods-FileChooseViewDemo.debug.xcconfig */ = {isa = PBXFileReference; includeInIndex = 1; lastKnownFileType = text.xcconfig; name = "Pods-FileChooseViewDemo.debug.xcconfig"; path = "Pods/Target Support Files/Pods-FileChooseViewDemo/Pods-FileChooseViewDemo.debug.xcconfig"; sourceTree = "<group>"; };
		9D3E81266553A08ADE0575CA /* Pods-FileChooseViewDemoTests.debug.xcconfig */ = {isa = PBXFileReference; includeInIndex = 1; lastKnownFileType = text.xcconfig; name = "Pods-FileChooseViewDemoTests.debug.xcconfig"; path = "Pods/Target Support Files/Pods-FileChooseViewDemoTests/Pods-FileChooseViewDemoTests.debug.xcconfig"; sourceTree = "<group>"; };
		BEDB7FF6CC25526890A8DB3C /* libPods-FileChooseViewDemoTests.a */ = {isa = PBXFileReference; explicitFileType = archive.ar; includeInIndex = 0; path = "libPods-FileChooseViewDemoTests.a"; sourceTree = BUILT_PRODUCTS_DIR; };
		C25AAE4D3AAF3E3E15F9FB11 /* Pods-FileChooseViewDemo.release.xcconfig */ = {isa = PBXFileReference; includeInIndex = 1; lastKnownFileType = text.xcconfig; name = "Pods-FileChooseViewDemo.release.xcconfig"; path = "Pods/Target Support Files/Pods-FileChooseViewDemo/Pods-FileChooseViewDemo.release.xcconfig"; sourceTree = "<group>"; };
/* End PBXFileReference section */

/* Begin PBXFrameworksBuildPhase section */
		780768891E20D27800756B92 /* Frameworks */ = {
			isa = PBXFrameworksBuildPhase;
			buildActionMask = 2147483647;
			files = (
				F0CE7C55E7A4D6D3D93D9AA1 /* libPods-FileChooseViewDemo.a in Frameworks */,
			);
			runOnlyForDeploymentPostprocessing = 0;
		};
		780768A21E20D27800756B92 /* Frameworks */ = {
			isa = PBXFrameworksBuildPhase;
			buildActionMask = 2147483647;
			files = (
				98537DB65239F448E1326DC7 /* libPods-FileChooseViewDemoTests.a in Frameworks */,
			);
			runOnlyForDeploymentPostprocessing = 0;
		};
		780768AD1E20D27800756B92 /* Frameworks */ = {
			isa = PBXFrameworksBuildPhase;
			buildActionMask = 2147483647;
			files = (
			);
			runOnlyForDeploymentPostprocessing = 0;
		};
/* End PBXFrameworksBuildPhase section */

/* Begin PBXGroup section */
		780768831E20D27800756B92 = {
			isa = PBXGroup;
			children = (
				7807688E1E20D27800756B92 /* FileChooseViewDemo */,
				780768A81E20D27800756B92 /* FileChooseViewDemoTests */,
				780768B31E20D27800756B92 /* FileChooseViewDemoUITests */,
				7807688D1E20D27800756B92 /* Products */,
				F6116D4ECD01C9AFBAD94A45 /* Pods */,
				CA57346F6ED05B7F3E39F1C7 /* Frameworks */,
			);
			sourceTree = "<group>";
		};
		7807688D1E20D27800756B92 /* Products */ = {
			isa = PBXGroup;
			children = (
				7807688C1E20D27800756B92 /* FileChooseViewDemo.app */,
				780768A51E20D27800756B92 /* FileChooseViewDemoTests.xctest */,
				780768B01E20D27800756B92 /* FileChooseViewDemoUITests.xctest */,
			);
			name = Products;
			sourceTree = "<group>";
		};
		7807688E1E20D27800756B92 /* FileChooseViewDemo */ = {
			isa = PBXGroup;
			children = (
				780768921E20D27800756B92 /* AppDelegate.h */,
				780768931E20D27800756B92 /* AppDelegate.m */,
				780768951E20D27800756B92 /* ViewController.h */,
				780768961E20D27800756B92 /* ViewController.m */,
				7817E4C61E30B120007CE2AA /* CJFileChooseView */,
				780768C21E20D2CD00756B92 /* Controllers */,
				780768C31E20D2CD00756B92 /* Models */,
				780768C41E20D2CD00756B92 /* Resources */,
				780768C51E20D2CD00756B92 /* Views */,
				780768981E20D27800756B92 /* Main.storyboard */,
				7807689B1E20D27800756B92 /* Assets.xcassets */,
				7807689D1E20D27800756B92 /* LaunchScreen.storyboard */,
				780768A01E20D27800756B92 /* Info.plist */,
				7807688F1E20D27800756B92 /* Supporting Files */,
			);
			path = FileChooseViewDemo;
			sourceTree = "<group>";
		};
		7807688F1E20D27800756B92 /* Supporting Files */ = {
			isa = PBXGroup;
			children = (
				780768901E20D27800756B92 /* main.m */,
			);
			name = "Supporting Files";
			sourceTree = "<group>";
		};
		780768A81E20D27800756B92 /* FileChooseViewDemoTests */ = {
			isa = PBXGroup;
			children = (
				780768A91E20D27800756B92 /* FileChooseViewDemoTests.m */,
				780768AB1E20D27800756B92 /* Info.plist */,
			);
			path = FileChooseViewDemoTests;
			sourceTree = "<group>";
		};
		780768B31E20D27800756B92 /* FileChooseViewDemoUITests */ = {
			isa = PBXGroup;
			children = (
				780768B41E20D27800756B92 /* FileChooseViewDemoUITests.m */,
				780768B61E20D27800756B92 /* Info.plist */,
			);
			path = FileChooseViewDemoUITests;
			sourceTree = "<group>";
		};
		780768C21E20D2CD00756B92 /* Controllers */ = {
			isa = PBXGroup;
			children = (
				7817E4831E30621E007CE2AA /* FileChooseViewController.h */,
				7817E4841E30621E007CE2AA /* FileChooseViewController.m */,
				7817E4851E30621E007CE2AA /* FileChooseViewController.xib */,
			);
			path = Controllers;
			sourceTree = "<group>";
		};
		780768C31E20D2CD00756B92 /* Models */ = {
			isa = PBXGroup;
			children = (
			);
			path = Models;
			sourceTree = "<group>";
		};
		780768C41E20D2CD00756B92 /* Resources */ = {
			isa = PBXGroup;
			children = (
			);
			path = Resources;
			sourceTree = "<group>";
		};
		780768C51E20D2CD00756B92 /* Views */ = {
			isa = PBXGroup;
			children = (
			);
			path = Views;
			sourceTree = "<group>";
		};
		7817E4C61E30B120007CE2AA /* CJFileChooseView */ = {
			isa = PBXGroup;
			children = (
				7817E4C71E30B120007CE2AA /* CJBaseCollectionView */,
				7817E4E11E30B120007CE2AA /* CJFileChooseToolBar.h */,
				7817E4E21E30B120007CE2AA /* CJFileChooseToolBar.m */,
			);
			path = CJFileChooseView;
			sourceTree = "<group>";
		};
		7817E4C71E30B120007CE2AA /* CJBaseCollectionView */ = {
			isa = PBXGroup;
			children = (
				7817E4C81E30B120007CE2AA /* CJBaseCollectionViewCell */,
				7817E4CF1E30B120007CE2AA /* CJUploadCollectionView+DealAttachUploadItem.h */,
				7817E4D01E30B120007CE2AA /* CJUploadCollectionView+DealAttachUploadItem.m */,
				7817E4D11E30B120007CE2AA /* CJUploadCollectionView+DealAudioUploadItem.h */,
				7817E4D21E30B120007CE2AA /* CJUploadCollectionView+DealAudioUploadItem.m */,
				7817E4D31E30B120007CE2AA /* CJUploadCollectionView+DealImageUploadItem.h */,
				7817E4D41E30B120007CE2AA /* CJUploadCollectionView+DealImageUploadItem.m */,
				7817E4D51E30B120007CE2AA /* CJUploadCollectionView.h */,
				7817E4D61E30B120007CE2AA /* CJUploadCollectionView.m */,
				7817E4D71E30B120007CE2AA /* CJUploadImageCollectionView.h */,
				7817E4D81E30B120007CE2AA /* CJUploadImageCollectionView.m */,
				7817E4D91E30B120007CE2AA /* Models */,
				7817E4DE1E30B120007CE2AA /* Resources */,
			);
			path = CJBaseCollectionView;
			sourceTree = "<group>";
		};
		7817E4C81E30B120007CE2AA /* CJBaseCollectionViewCell */ = {
			isa = PBXGroup;
			children = (
				7817E4C91E30B120007CE2AA /* CJBaseCollectionViewCell.h */,
				7817E4CA1E30B120007CE2AA /* CJBaseCollectionViewCell.m */,
				7817E4CB1E30B120007CE2AA /* CJUploadCollectionViewCell+ConfigureForBaseUploadItem.h */,
				7817E4CC1E30B120007CE2AA /* CJUploadCollectionViewCell+ConfigureForBaseUploadItem.m */,
				7817E4CD1E30B120007CE2AA /* CJUploadCollectionViewCell.h */,
				7817E4CE1E30B120007CE2AA /* CJUploadCollectionViewCell.m */,
			);
			path = CJBaseCollectionViewCell;
			sourceTree = "<group>";
		};
		7817E4D91E30B120007CE2AA /* Models */ = {
			isa = PBXGroup;
			children = (
				7817E4DA1E30B120007CE2AA /* CJBaseUploadItem.h */,
				7817E4DB1E30B120007CE2AA /* CJBaseUploadItem.m */,
				7817E4DC1E30B120007CE2AA /* CJImageUploadItem.h */,
				7817E4DD1E30B120007CE2AA /* CJImageUploadItem.m */,
			);
			path = Models;
			sourceTree = "<group>";
		};
		7817E4DE1E30B120007CE2AA /* Resources */ = {
			isa = PBXGroup;
			children = (
				7817E4DF1E30B120007CE2AA /* cjCollectionViewCellAdd@2x.png */,
				7817E4E01E30B120007CE2AA /* cjCollectionViewCellDelete@2x.png */,
			);
			path = Resources;
			sourceTree = "<group>";
		};
		CA57346F6ED05B7F3E39F1C7 /* Frameworks */ = {
			isa = PBXGroup;
			children = (
				539004B0C2EB26792334512E /* libPods-FileChooseViewDemo.a */,
				BEDB7FF6CC25526890A8DB3C /* libPods-FileChooseViewDemoTests.a */,
			);
			name = Frameworks;
			sourceTree = "<group>";
		};
		F6116D4ECD01C9AFBAD94A45 /* Pods */ = {
			isa = PBXGroup;
			children = (
				8ED68FFC9810319207995153 /* Pods-FileChooseViewDemo.debug.xcconfig */,
				C25AAE4D3AAF3E3E15F9FB11 /* Pods-FileChooseViewDemo.release.xcconfig */,
				9D3E81266553A08ADE0575CA /* Pods-FileChooseViewDemoTests.debug.xcconfig */,
				5D98C6CCEDD72A2EE75AA8EC /* Pods-FileChooseViewDemoTests.release.xcconfig */,
			);
			name = Pods;
			sourceTree = "<group>";
		};
/* End PBXGroup section */

/* Begin PBXNativeTarget section */
		7807688B1E20D27800756B92 /* FileChooseViewDemo */ = {
			isa = PBXNativeTarget;
			buildConfigurationList = 780768B91E20D27800756B92 /* Build configuration list for PBXNativeTarget "FileChooseViewDemo" */;
			buildPhases = (
				EF31AC2B2F9A3401051425AB /* [CP] Check Pods Manifest.lock */,
				780768881E20D27800756B92 /* Sources */,
				780768891E20D27800756B92 /* Frameworks */,
				7807688A1E20D27800756B92 /* Resources */,
				99AECF38E46475C3FA1956E1 /* [CP] Embed Pods Frameworks */,
				4728C102AEC5E26E8E952009 /* [CP] Copy Pods Resources */,
			);
			buildRules = (
			);
			dependencies = (
			);
			name = FileChooseViewDemo;
			productName = FileChooseViewDemo;
			productReference = 7807688C1E20D27800756B92 /* FileChooseViewDemo.app */;
			productType = "com.apple.product-type.application";
		};
		780768A41E20D27800756B92 /* FileChooseViewDemoTests */ = {
			isa = PBXNativeTarget;
			buildConfigurationList = 780768BC1E20D27800756B92 /* Build configuration list for PBXNativeTarget "FileChooseViewDemoTests" */;
			buildPhases = (
				573FDE68E854520F326529D7 /* [CP] Check Pods Manifest.lock */,
				780768A11E20D27800756B92 /* Sources */,
				780768A21E20D27800756B92 /* Frameworks */,
				780768A31E20D27800756B92 /* Resources */,
				700D1A56A6646F5F62F50374 /* [CP] Embed Pods Frameworks */,
				3E26F128E592DE5DA431735C /* [CP] Copy Pods Resources */,
			);
			buildRules = (
			);
			dependencies = (
				780768A71E20D27800756B92 /* PBXTargetDependency */,
			);
			name = FileChooseViewDemoTests;
			productName = FileChooseViewDemoTests;
			productReference = 780768A51E20D27800756B92 /* FileChooseViewDemoTests.xctest */;
			productType = "com.apple.product-type.bundle.unit-test";
		};
		780768AF1E20D27800756B92 /* FileChooseViewDemoUITests */ = {
			isa = PBXNativeTarget;
			buildConfigurationList = 780768BF1E20D27800756B92 /* Build configuration list for PBXNativeTarget "FileChooseViewDemoUITests" */;
			buildPhases = (
				780768AC1E20D27800756B92 /* Sources */,
				780768AD1E20D27800756B92 /* Frameworks */,
				780768AE1E20D27800756B92 /* Resources */,
			);
			buildRules = (
			);
			dependencies = (
				780768B21E20D27800756B92 /* PBXTargetDependency */,
			);
			name = FileChooseViewDemoUITests;
			productName = FileChooseViewDemoUITests;
			productReference = 780768B01E20D27800756B92 /* FileChooseViewDemoUITests.xctest */;
			productType = "com.apple.product-type.bundle.ui-testing";
		};
/* End PBXNativeTarget section */

/* Begin PBXProject section */
		780768841E20D27800756B92 /* Project object */ = {
			isa = PBXProject;
			attributes = {
				LastUpgradeCheck = 0800;
				ORGANIZATIONNAME = dvlproad;
				TargetAttributes = {
					7807688B1E20D27800756B92 = {
						CreatedOnToolsVersion = 8.0;
						ProvisioningStyle = Automatic;
					};
					780768A41E20D27800756B92 = {
						CreatedOnToolsVersion = 8.0;
						ProvisioningStyle = Automatic;
						TestTargetID = 7807688B1E20D27800756B92;
					};
					780768AF1E20D27800756B92 = {
						CreatedOnToolsVersion = 8.0;
						ProvisioningStyle = Automatic;
						TestTargetID = 7807688B1E20D27800756B92;
					};
				};
			};
			buildConfigurationList = 780768871E20D27800756B92 /* Build configuration list for PBXProject "FileChooseViewDemo" */;
			compatibilityVersion = "Xcode 3.2";
			developmentRegion = English;
			hasScannedForEncodings = 0;
			knownRegions = (
				en,
				Base,
			);
			mainGroup = 780768831E20D27800756B92;
			productRefGroup = 7807688D1E20D27800756B92 /* Products */;
			projectDirPath = "";
			projectRoot = "";
			targets = (
				7807688B1E20D27800756B92 /* FileChooseViewDemo */,
				780768A41E20D27800756B92 /* FileChooseViewDemoTests */,
				780768AF1E20D27800756B92 /* FileChooseViewDemoUITests */,
			);
		};
/* End PBXProject section */

/* Begin PBXResourcesBuildPhase section */
		7807688A1E20D27800756B92 /* Resources */ = {
			isa = PBXResourcesBuildPhase;
			buildActionMask = 2147483647;
			files = (
				7807689F1E20D27800756B92 /* LaunchScreen.storyboard in Resources */,
				7807689C1E20D27800756B92 /* Assets.xcassets in Resources */,
				7817E4ED1E30B120007CE2AA /* cjCollectionViewCellAdd@2x.png in Resources */,
				7817E4EE1E30B120007CE2AA /* cjCollectionViewCellDelete@2x.png in Resources */,
				7817E4871E30621E007CE2AA /* FileChooseViewController.xib in Resources */,
				7807689A1E20D27800756B92 /* Main.storyboard in Resources */,
			);
			runOnlyForDeploymentPostprocessing = 0;
		};
		780768A31E20D27800756B92 /* Resources */ = {
			isa = PBXResourcesBuildPhase;
			buildActionMask = 2147483647;
			files = (
			);
			runOnlyForDeploymentPostprocessing = 0;
		};
		780768AE1E20D27800756B92 /* Resources */ = {
			isa = PBXResourcesBuildPhase;
			buildActionMask = 2147483647;
			files = (
			);
			runOnlyForDeploymentPostprocessing = 0;
		};
/* End PBXResourcesBuildPhase section */

/* Begin PBXShellScriptBuildPhase section */
		3E26F128E592DE5DA431735C /* [CP] Copy Pods Resources */ = {
			isa = PBXShellScriptBuildPhase;
			buildActionMask = 2147483647;
			files = (
			);
			inputPaths = (
			);
			name = "[CP] Copy Pods Resources";
			outputPaths = (
			);
			runOnlyForDeploymentPostprocessing = 0;
			shellPath = /bin/sh;
			shellScript = "\"${SRCROOT}/Pods/Target Support Files/Pods-FileChooseViewDemoTests/Pods-FileChooseViewDemoTests-resources.sh\"\n";
			showEnvVarsInLog = 0;
		};
		4728C102AEC5E26E8E952009 /* [CP] Copy Pods Resources */ = {
			isa = PBXShellScriptBuildPhase;
			buildActionMask = 2147483647;
			files = (
			);
			inputPaths = (
			);
			name = "[CP] Copy Pods Resources";
			outputPaths = (
			);
			runOnlyForDeploymentPostprocessing = 0;
			shellPath = /bin/sh;
			shellScript = "\"${SRCROOT}/Pods/Target Support Files/Pods-FileChooseViewDemo/Pods-FileChooseViewDemo-resources.sh\"\n";
			showEnvVarsInLog = 0;
		};
		573FDE68E854520F326529D7 /* [CP] Check Pods Manifest.lock */ = {
			isa = PBXShellScriptBuildPhase;
			buildActionMask = 2147483647;
			files = (
			);
			inputPaths = (
			);
			name = "[CP] Check Pods Manifest.lock";
			outputPaths = (
			);
			runOnlyForDeploymentPostprocessing = 0;
			shellPath = /bin/sh;
			shellScript = "diff \"${PODS_ROOT}/../Podfile.lock\" \"${PODS_ROOT}/Manifest.lock\" > /dev/null\nif [ $? != 0 ] ; then\n    # print error to STDERR\n    echo \"error: The sandbox is not in sync with the Podfile.lock. Run 'pod install' or update your CocoaPods installation.\" >&2\n    exit 1\nfi\n";
			showEnvVarsInLog = 0;
		};
		700D1A56A6646F5F62F50374 /* [CP] Embed Pods Frameworks */ = {
			isa = PBXShellScriptBuildPhase;
			buildActionMask = 2147483647;
			files = (
			);
			inputPaths = (
			);
			name = "[CP] Embed Pods Frameworks";
			outputPaths = (
			);
			runOnlyForDeploymentPostprocessing = 0;
			shellPath = /bin/sh;
			shellScript = "\"${SRCROOT}/Pods/Target Support Files/Pods-FileChooseViewDemoTests/Pods-FileChooseViewDemoTests-frameworks.sh\"\n";
			showEnvVarsInLog = 0;
		};
		99AECF38E46475C3FA1956E1 /* [CP] Embed Pods Frameworks */ = {
			isa = PBXShellScriptBuildPhase;
			buildActionMask = 2147483647;
			files = (
			);
			inputPaths = (
			);
			name = "[CP] Embed Pods Frameworks";
			outputPaths = (
			);
			runOnlyForDeploymentPostprocessing = 0;
			shellPath = /bin/sh;
			shellScript = "\"${SRCROOT}/Pods/Target Support Files/Pods-FileChooseViewDemo/Pods-FileChooseViewDemo-frameworks.sh\"\n";
			showEnvVarsInLog = 0;
		};
		EF31AC2B2F9A3401051425AB /* [CP] Check Pods Manifest.lock */ = {
			isa = PBXShellScriptBuildPhase;
			buildActionMask = 2147483647;
			files = (
			);
			inputPaths = (
			);
			name = "[CP] Check Pods Manifest.lock";
			outputPaths = (
			);
			runOnlyForDeploymentPostprocessing = 0;
			shellPath = /bin/sh;
			shellScript = "diff \"${PODS_ROOT}/../Podfile.lock\" \"${PODS_ROOT}/Manifest.lock\" > /dev/null\nif [ $? != 0 ] ; then\n    # print error to STDERR\n    echo \"error: The sandbox is not in sync with the Podfile.lock. Run 'pod install' or update your CocoaPods installation.\" >&2\n    exit 1\nfi\n";
			showEnvVarsInLog = 0;
		};
/* End PBXShellScriptBuildPhase section */

/* Begin PBXSourcesBuildPhase section */
		780768881E20D27800756B92 /* Sources */ = {
			isa = PBXSourcesBuildPhase;
			buildActionMask = 2147483647;
			files = (
				7817E4EA1E30B120007CE2AA /* CJUploadImageCollectionView.m in Sources */,
				780768971E20D27800756B92 /* ViewController.m in Sources */,
				7817E4861E30621E007CE2AA /* FileChooseViewController.m in Sources */,
				780768941E20D27800756B92 /* AppDelegate.m in Sources */,
				7817E4E71E30B120007CE2AA /* CJUploadCollectionView+DealAudioUploadItem.m in Sources */,
				7817E4EB1E30B120007CE2AA /* CJBaseUploadItem.m in Sources */,
				7817E4E61E30B120007CE2AA /* CJUploadCollectionView+DealAttachUploadItem.m in Sources */,
				780768911E20D27800756B92 /* main.m in Sources */,
				7817E4E51E30B120007CE2AA /* CJUploadCollectionViewCell.m in Sources */,
				7817E4E41E30B120007CE2AA /* CJUploadCollectionViewCell+ConfigureForBaseUploadItem.m in Sources */,
				7817E4E81E30B120007CE2AA /* CJUploadCollectionView+DealImageUploadItem.m in Sources */,
				7817E4E31E30B120007CE2AA /* CJBaseCollectionViewCell.m in Sources */,
				7817E4EC1E30B120007CE2AA /* CJImageUploadItem.m in Sources */,
				7817E4E91E30B120007CE2AA /* CJUploadCollectionView.m in Sources */,
				7817E4EF1E30B120007CE2AA /* CJFileChooseToolBar.m in Sources */,
			);
			runOnlyForDeploymentPostprocessing = 0;
		};
		780768A11E20D27800756B92 /* Sources */ = {
			isa = PBXSourcesBuildPhase;
			buildActionMask = 2147483647;
			files = (
				780768AA1E20D27800756B92 /* FileChooseViewDemoTests.m in Sources */,
			);
			runOnlyForDeploymentPostprocessing = 0;
		};
		780768AC1E20D27800756B92 /* Sources */ = {
			isa = PBXSourcesBuildPhase;
			buildActionMask = 2147483647;
			files = (
				780768B51E20D27800756B92 /* FileChooseViewDemoUITests.m in Sources */,
			);
			runOnlyForDeploymentPostprocessing = 0;
		};
/* End PBXSourcesBuildPhase section */

/* Begin PBXTargetDependency section */
		780768A71E20D27800756B92 /* PBXTargetDependency */ = {
			isa = PBXTargetDependency;
			target = 7807688B1E20D27800756B92 /* FileChooseViewDemo */;
			targetProxy = 780768A61E20D27800756B92 /* PBXContainerItemProxy */;
		};
		780768B21E20D27800756B92 /* PBXTargetDependency */ = {
			isa = PBXTargetDependency;
			target = 7807688B1E20D27800756B92 /* FileChooseViewDemo */;
			targetProxy = 780768B11E20D27800756B92 /* PBXContainerItemProxy */;
		};
/* End PBXTargetDependency section */

/* Begin PBXVariantGroup section */
		780768981E20D27800756B92 /* Main.storyboard */ = {
			isa = PBXVariantGroup;
			children = (
				780768991E20D27800756B92 /* Base */,
			);
			name = Main.storyboard;
			sourceTree = "<group>";
		};
		7807689D1E20D27800756B92 /* LaunchScreen.storyboard */ = {
			isa = PBXVariantGroup;
			children = (
				7807689E1E20D27800756B92 /* Base */,
			);
			name = LaunchScreen.storyboard;
			sourceTree = "<group>";
		};
/* End PBXVariantGroup section */

/* Begin XCBuildConfiguration section */
		780768B71E20D27800756B92 /* Debug */ = {
			isa = XCBuildConfiguration;
			buildSettings = {
				ALWAYS_SEARCH_USER_PATHS = NO;
				CLANG_ANALYZER_NONNULL = YES;
				CLANG_CXX_LANGUAGE_STANDARD = "gnu++0x";
				CLANG_CXX_LIBRARY = "libc++";
				CLANG_ENABLE_MODULES = YES;
				CLANG_ENABLE_OBJC_ARC = YES;
				CLANG_WARN_BOOL_CONVERSION = YES;
				CLANG_WARN_CONSTANT_CONVERSION = YES;
				CLANG_WARN_DIRECT_OBJC_ISA_USAGE = YES_ERROR;
				CLANG_WARN_DOCUMENTATION_COMMENTS = YES;
				CLANG_WARN_EMPTY_BODY = YES;
				CLANG_WARN_ENUM_CONVERSION = YES;
				CLANG_WARN_INFINITE_RECURSION = YES;
				CLANG_WARN_INT_CONVERSION = YES;
				CLANG_WARN_OBJC_ROOT_CLASS = YES_ERROR;
				CLANG_WARN_SUSPICIOUS_MOVES = YES;
				CLANG_WARN_UNREACHABLE_CODE = YES;
				CLANG_WARN__DUPLICATE_METHOD_MATCH = YES;
				"CODE_SIGN_IDENTITY[sdk=iphoneos*]" = "iPhone Developer";
				COPY_PHASE_STRIP = NO;
				DEBUG_INFORMATION_FORMAT = dwarf;
				ENABLE_STRICT_OBJC_MSGSEND = YES;
				ENABLE_TESTABILITY = YES;
				GCC_C_LANGUAGE_STANDARD = gnu99;
				GCC_DYNAMIC_NO_PIC = NO;
				GCC_NO_COMMON_BLOCKS = YES;
				GCC_OPTIMIZATION_LEVEL = 0;
				GCC_PREPROCESSOR_DEFINITIONS = (
					"DEBUG=1",
					"$(inherited)",
				);
				GCC_WARN_64_TO_32_BIT_CONVERSION = YES;
				GCC_WARN_ABOUT_RETURN_TYPE = YES_ERROR;
				GCC_WARN_UNDECLARED_SELECTOR = YES;
				GCC_WARN_UNINITIALIZED_AUTOS = YES_AGGRESSIVE;
				GCC_WARN_UNUSED_FUNCTION = YES;
				GCC_WARN_UNUSED_VARIABLE = YES;
				IPHONEOS_DEPLOYMENT_TARGET = 10.0;
				MTL_ENABLE_DEBUG_INFO = YES;
				ONLY_ACTIVE_ARCH = YES;
				SDKROOT = iphoneos;
				TARGETED_DEVICE_FAMILY = "1,2";
			};
			name = Debug;
		};
		780768B81E20D27800756B92 /* Release */ = {
			isa = XCBuildConfiguration;
			buildSettings = {
				ALWAYS_SEARCH_USER_PATHS = NO;
				CLANG_ANALYZER_NONNULL = YES;
				CLANG_CXX_LANGUAGE_STANDARD = "gnu++0x";
				CLANG_CXX_LIBRARY = "libc++";
				CLANG_ENABLE_MODULES = YES;
				CLANG_ENABLE_OBJC_ARC = YES;
				CLANG_WARN_BOOL_CONVERSION = YES;
				CLANG_WARN_CONSTANT_CONVERSION = YES;
				CLANG_WARN_DIRECT_OBJC_ISA_USAGE = YES_ERROR;
				CLANG_WARN_DOCUMENTATION_COMMENTS = YES;
				CLANG_WARN_EMPTY_BODY = YES;
				CLANG_WARN_ENUM_CONVERSION = YES;
				CLANG_WARN_INFINITE_RECURSION = YES;
				CLANG_WARN_INT_CONVERSION = YES;
				CLANG_WARN_OBJC_ROOT_CLASS = YES_ERROR;
				CLANG_WARN_SUSPICIOUS_MOVES = YES;
				CLANG_WARN_UNREACHABLE_CODE = YES;
				CLANG_WARN__DUPLICATE_METHOD_MATCH = YES;
				"CODE_SIGN_IDENTITY[sdk=iphoneos*]" = "iPhone Developer";
				COPY_PHASE_STRIP = NO;
				DEBUG_INFORMATION_FORMAT = "dwarf-with-dsym";
				ENABLE_NS_ASSERTIONS = NO;
				ENABLE_STRICT_OBJC_MSGSEND = YES;
				GCC_C_LANGUAGE_STANDARD = gnu99;
				GCC_NO_COMMON_BLOCKS = YES;
				GCC_WARN_64_TO_32_BIT_CONVERSION = YES;
				GCC_WARN_ABOUT_RETURN_TYPE = YES_ERROR;
				GCC_WARN_UNDECLARED_SELECTOR = YES;
				GCC_WARN_UNINITIALIZED_AUTOS = YES_AGGRESSIVE;
				GCC_WARN_UNUSED_FUNCTION = YES;
				GCC_WARN_UNUSED_VARIABLE = YES;
				IPHONEOS_DEPLOYMENT_TARGET = 10.0;
				MTL_ENABLE_DEBUG_INFO = NO;
				SDKROOT = iphoneos;
				TARGETED_DEVICE_FAMILY = "1,2";
				VALIDATE_PRODUCT = YES;
			};
			name = Release;
		};
		780768BA1E20D27800756B92 /* Debug */ = {
			isa = XCBuildConfiguration;
			baseConfigurationReference = 8ED68FFC9810319207995153 /* Pods-FileChooseViewDemo.debug.xcconfig */;
			buildSettings = {
				ASSETCATALOG_COMPILER_APPICON_NAME = AppIcon;
				INFOPLIST_FILE = FileChooseViewDemo/Info.plist;
				LD_RUNPATH_SEARCH_PATHS = "$(inherited) @executable_path/Frameworks";
				PRODUCT_BUNDLE_IDENTIFIER = com.dvlproad.FileChooseViewDemo;
				PRODUCT_NAME = "$(TARGET_NAME)";
			};
			name = Debug;
		};
		780768BB1E20D27800756B92 /* Release */ = {
			isa = XCBuildConfiguration;
			baseConfigurationReference = C25AAE4D3AAF3E3E15F9FB11 /* Pods-FileChooseViewDemo.release.xcconfig */;
			buildSettings = {
				ASSETCATALOG_COMPILER_APPICON_NAME = AppIcon;
				INFOPLIST_FILE = FileChooseViewDemo/Info.plist;
				LD_RUNPATH_SEARCH_PATHS = "$(inherited) @executable_path/Frameworks";
				PRODUCT_BUNDLE_IDENTIFIER = com.dvlproad.FileChooseViewDemo;
				PRODUCT_NAME = "$(TARGET_NAME)";
			};
			name = Release;
		};
		780768BD1E20D27800756B92 /* Debug */ = {
			isa = XCBuildConfiguration;
			baseConfigurationReference = 9D3E81266553A08ADE0575CA /* Pods-FileChooseViewDemoTests.debug.xcconfig */;
			buildSettings = {
				BUNDLE_LOADER = "$(TEST_HOST)";
				INFOPLIST_FILE = FileChooseViewDemoTests/Info.plist;
				LD_RUNPATH_SEARCH_PATHS = "$(inherited) @executable_path/Frameworks @loader_path/Frameworks";
				PRODUCT_BUNDLE_IDENTIFIER = com.dvlproad.FileChooseViewDemoTests;
				PRODUCT_NAME = "$(TARGET_NAME)";
				TEST_HOST = "$(BUILT_PRODUCTS_DIR)/FileChooseViewDemo.app/FileChooseViewDemo";
			};
			name = Debug;
		};
		780768BE1E20D27800756B92 /* Release */ = {
			isa = XCBuildConfiguration;
			baseConfigurationReference = 5D98C6CCEDD72A2EE75AA8EC /* Pods-FileChooseViewDemoTests.release.xcconfig */;
			buildSettings = {
				BUNDLE_LOADER = "$(TEST_HOST)";
				INFOPLIST_FILE = FileChooseViewDemoTests/Info.plist;
				LD_RUNPATH_SEARCH_PATHS = "$(inherited) @executable_path/Frameworks @loader_path/Frameworks";
				PRODUCT_BUNDLE_IDENTIFIER = com.dvlproad.FileChooseViewDemoTests;
				PRODUCT_NAME = "$(TARGET_NAME)";
				TEST_HOST = "$(BUILT_PRODUCTS_DIR)/FileChooseViewDemo.app/FileChooseViewDemo";
			};
			name = Release;
		};
		780768C01E20D27800756B92 /* Debug */ = {
			isa = XCBuildConfiguration;
			buildSettings = {
				INFOPLIST_FILE = FileChooseViewDemoUITests/Info.plist;
				LD_RUNPATH_SEARCH_PATHS = "$(inherited) @executable_path/Frameworks @loader_path/Frameworks";
				PRODUCT_BUNDLE_IDENTIFIER = com.dvlproad.FileChooseViewDemoUITests;
				PRODUCT_NAME = "$(TARGET_NAME)";
				TEST_TARGET_NAME = FileChooseViewDemo;
			};
			name = Debug;
		};
		780768C11E20D27800756B92 /* Release */ = {
			isa = XCBuildConfiguration;
			buildSettings = {
				INFOPLIST_FILE = FileChooseViewDemoUITests/Info.plist;
				LD_RUNPATH_SEARCH_PATHS = "$(inherited) @executable_path/Frameworks @loader_path/Frameworks";
				PRODUCT_BUNDLE_IDENTIFIER = com.dvlproad.FileChooseViewDemoUITests;
				PRODUCT_NAME = "$(TARGET_NAME)";
				TEST_TARGET_NAME = FileChooseViewDemo;
			};
			name = Release;
		};
/* End XCBuildConfiguration section */

/* Begin XCConfigurationList section */
		780768871E20D27800756B92 /* Build configuration list for PBXProject "FileChooseViewDemo" */ = {
			isa = XCConfigurationList;
			buildConfigurations = (
				780768B71E20D27800756B92 /* Debug */,
				780768B81E20D27800756B92 /* Release */,
			);
			defaultConfigurationIsVisible = 0;
			defaultConfigurationName = Release;
		};
		780768B91E20D27800756B92 /* Build configuration list for PBXNativeTarget "FileChooseViewDemo" */ = {
			isa = XCConfigurationList;
			buildConfigurations = (
				780768BA1E20D27800756B92 /* Debug */,
				780768BB1E20D27800756B92 /* Release */,
			);
			defaultConfigurationIsVisible = 0;
			defaultConfigurationName = Release;
		};
		780768BC1E20D27800756B92 /* Build configuration list for PBXNativeTarget "FileChooseViewDemoTests" */ = {
			isa = XCConfigurationList;
			buildConfigurations = (
				780768BD1E20D27800756B92 /* Debug */,
				780768BE1E20D27800756B92 /* Release */,
			);
			defaultConfigurationIsVisible = 0;
			defaultConfigurationName = Release;
		};
		780768BF1E20D27800756B92 /* Build configuration list for PBXNativeTarget "FileChooseViewDemoUITests" */ = {
			isa = XCConfigurationList;
			buildConfigurations = (
				780768C01E20D27800756B92 /* Debug */,
				780768C11E20D27800756B92 /* Release */,
			);
			defaultConfigurationIsVisible = 0;
			defaultConfigurationName = Release;
		};
/* End XCConfigurationList section */
	};
	rootObject = 780768841E20D27800756B92 /* Project object */;
}
