// !$*UTF8*$!
{
	archiveVersion = 1;
	classes = {
	};
	objectVersion = 46;
	objects = {

/* Begin PBXBuildFile section */
		78F74A601D95B4EB00A88BAF /* CJDataGroupModel.m in Sources */ = {isa = PBXBuildFile; fileRef = 78F74A5B1D95B4EB00A88BAF /* CJDataGroupModel.m */; };
		78F74A611D95B4EB00A88BAF /* CJDataListViewGroup.m in Sources */ = {isa = PBXBuildFile; fileRef = 78F74A5D1D95B4EB00A88BAF /* CJDataListViewGroup.m */; };
		78F74A621D95B4EB00A88BAF /* CJDataListViewSingle.m in Sources */ = {isa = PBXBuildFile; fileRef = 78F74A5F1D95B4EB00A88BAF /* CJDataListViewSingle.m */; };
		804DB2F31BF2E059002E9574 /* main.m in Sources */ = {isa = PBXBuildFile; fileRef = 804DB2F21BF2E059002E9574 /* main.m */; };
		804DB2F61BF2E059002E9574 /* AppDelegate.m in Sources */ = {isa = PBXBuildFile; fileRef = 804DB2F51BF2E059002E9574 /* AppDelegate.m */; };
		804DB2F91BF2E059002E9574 /* ViewController.m in Sources */ = {isa = PBXBuildFile; fileRef = 804DB2F81BF2E059002E9574 /* ViewController.m */; };
		804DB2FC1BF2E059002E9574 /* Main.storyboard in Resources */ = {isa = PBXBuildFile; fileRef = 804DB2FA1BF2E059002E9574 /* Main.storyboard */; };
		804DB2FE1BF2E059002E9574 /* Images.xcassets in Resources */ = {isa = PBXBuildFile; fileRef = 804DB2FD1BF2E059002E9574 /* Images.xcassets */; };
		804DB3011BF2E059002E9574 /* LaunchScreen.xib in Resources */ = {isa = PBXBuildFile; fileRef = 804DB2FF1BF2E059002E9574 /* LaunchScreen.xib */; };
		804DB30D1BF2E059002E9574 /* CJPDropDownViewDemoTests.m in Sources */ = {isa = PBXBuildFile; fileRef = 804DB30C1BF2E059002E9574 /* CJPDropDownViewDemoTests.m */; };
		804DB3351BF2E2C4002E9574 /* CombineTestVC.m in Sources */ = {isa = PBXBuildFile; fileRef = 804DB3301BF2E2C4002E9574 /* CombineTestVC.m */; };
		804DB3361BF2E2C4002E9574 /* CombineTestVC.xib in Resources */ = {isa = PBXBuildFile; fileRef = 804DB3311BF2E2C4002E9574 /* CombineTestVC.xib */; };
		804DB3371BF2E2C4002E9574 /* IndependentTestVC.m in Sources */ = {isa = PBXBuildFile; fileRef = 804DB3331BF2E2C4002E9574 /* IndependentTestVC.m */; };
		804DB3381BF2E2C4002E9574 /* IndependentTestVC.xib in Resources */ = {isa = PBXBuildFile; fileRef = 804DB3341BF2E2C4002E9574 /* IndependentTestVC.xib */; };
		804DB33F1BF2E450002E9574 /* area.plist in Resources */ = {isa = PBXBuildFile; fileRef = 804DB33D1BF2E450002E9574 /* area.plist */; };
		804DB3401BF2E450002E9574 /* city.plist in Resources */ = {isa = PBXBuildFile; fileRef = 804DB33E1BF2E450002E9574 /* city.plist */; };
		805A173F1BF2F7FB00424769 /* DropDownRadioButtons.m in Sources */ = {isa = PBXBuildFile; fileRef = 805A172F1BF2F7FB00424769 /* DropDownRadioButtons.m */; };
		B432783FFEBE5C0C4DBEF5A5 /* libPods-CJPDropDownViewDemo.a in Frameworks */ = {isa = PBXBuildFile; fileRef = B4E58B02A3290BD6D7AF1424 /* libPods-CJPDropDownViewDemo.a */; };
/* End PBXBuildFile section */

/* Begin PBXContainerItemProxy section */
		804DB3071BF2E059002E9574 /* PBXContainerItemProxy */ = {
			isa = PBXContainerItemProxy;
			containerPortal = 804DB2E51BF2E059002E9574 /* Project object */;
			proxyType = 1;
			remoteGlobalIDString = 804DB2EC1BF2E059002E9574;
			remoteInfo = CJPDropDownViewDemo;
		};
/* End PBXContainerItemProxy section */

/* Begin PBXFileReference section */
		0AD111FE8F0AC101C91679C7 /* Pods-CJPDropDownViewDemo.release.xcconfig */ = {isa = PBXFileReference; includeInIndex = 1; lastKnownFileType = text.xcconfig; name = "Pods-CJPDropDownViewDemo.release.xcconfig"; path = "Pods/Target Support Files/Pods-CJPDropDownViewDemo/Pods-CJPDropDownViewDemo.release.xcconfig"; sourceTree = "<group>"; };
		78F74A5A1D95B4EB00A88BAF /* CJDataGroupModel.h */ = {isa = PBXFileReference; fileEncoding = 4; lastKnownFileType = sourcecode.c.h; path = CJDataGroupModel.h; sourceTree = "<group>"; };
		78F74A5B1D95B4EB00A88BAF /* CJDataGroupModel.m */ = {isa = PBXFileReference; fileEncoding = 4; lastKnownFileType = sourcecode.c.objc; path = CJDataGroupModel.m; sourceTree = "<group>"; };
		78F74A5C1D95B4EB00A88BAF /* CJDataListViewGroup.h */ = {isa = PBXFileReference; fileEncoding = 4; lastKnownFileType = sourcecode.c.h; path = CJDataListViewGroup.h; sourceTree = "<group>"; };
		78F74A5D1D95B4EB00A88BAF /* CJDataListViewGroup.m */ = {isa = PBXFileReference; fileEncoding = 4; lastKnownFileType = sourcecode.c.objc; path = CJDataListViewGroup.m; sourceTree = "<group>"; };
		78F74A5E1D95B4EB00A88BAF /* CJDataListViewSingle.h */ = {isa = PBXFileReference; fileEncoding = 4; lastKnownFileType = sourcecode.c.h; path = CJDataListViewSingle.h; sourceTree = "<group>"; };
		78F74A5F1D95B4EB00A88BAF /* CJDataListViewSingle.m */ = {isa = PBXFileReference; fileEncoding = 4; lastKnownFileType = sourcecode.c.objc; path = CJDataListViewSingle.m; sourceTree = "<group>"; };
		804DB2ED1BF2E059002E9574 /* CJPDropDownViewDemo.app */ = {isa = PBXFileReference; explicitFileType = wrapper.application; includeInIndex = 0; path = CJPDropDownViewDemo.app; sourceTree = BUILT_PRODUCTS_DIR; };
		804DB2F11BF2E059002E9574 /* Info.plist */ = {isa = PBXFileReference; lastKnownFileType = text.plist.xml; path = Info.plist; sourceTree = "<group>"; };
		804DB2F21BF2E059002E9574 /* main.m */ = {isa = PBXFileReference; lastKnownFileType = sourcecode.c.objc; path = main.m; sourceTree = "<group>"; };
		804DB2F41BF2E059002E9574 /* AppDelegate.h */ = {isa = PBXFileReference; lastKnownFileType = sourcecode.c.h; path = AppDelegate.h; sourceTree = "<group>"; };
		804DB2F51BF2E059002E9574 /* AppDelegate.m */ = {isa = PBXFileReference; lastKnownFileType = sourcecode.c.objc; path = AppDelegate.m; sourceTree = "<group>"; };
		804DB2F71BF2E059002E9574 /* ViewController.h */ = {isa = PBXFileReference; lastKnownFileType = sourcecode.c.h; path = ViewController.h; sourceTree = "<group>"; };
		804DB2F81BF2E059002E9574 /* ViewController.m */ = {isa = PBXFileReference; lastKnownFileType = sourcecode.c.objc; path = ViewController.m; sourceTree = "<group>"; };
		804DB2FB1BF2E059002E9574 /* Base */ = {isa = PBXFileReference; lastKnownFileType = file.storyboard; name = Base; path = Base.lproj/Main.storyboard; sourceTree = "<group>"; };
		804DB2FD1BF2E059002E9574 /* Images.xcassets */ = {isa = PBXFileReference; lastKnownFileType = folder.assetcatalog; path = Images.xcassets; sourceTree = "<group>"; };
		804DB3001BF2E059002E9574 /* Base */ = {isa = PBXFileReference; lastKnownFileType = file.xib; name = Base; path = Base.lproj/LaunchScreen.xib; sourceTree = "<group>"; };
		804DB3061BF2E059002E9574 /* CJPDropDownViewDemoTests.xctest */ = {isa = PBXFileReference; explicitFileType = wrapper.cfbundle; includeInIndex = 0; path = CJPDropDownViewDemoTests.xctest; sourceTree = BUILT_PRODUCTS_DIR; };
		804DB30B1BF2E059002E9574 /* Info.plist */ = {isa = PBXFileReference; lastKnownFileType = text.plist.xml; path = Info.plist; sourceTree = "<group>"; };
		804DB30C1BF2E059002E9574 /* CJPDropDownViewDemoTests.m */ = {isa = PBXFileReference; lastKnownFileType = sourcecode.c.objc; path = CJPDropDownViewDemoTests.m; sourceTree = "<group>"; };
		804DB32F1BF2E2C4002E9574 /* CombineTestVC.h */ = {isa = PBXFileReference; fileEncoding = 4; lastKnownFileType = sourcecode.c.h; path = CombineTestVC.h; sourceTree = "<group>"; };
		804DB3301BF2E2C4002E9574 /* CombineTestVC.m */ = {isa = PBXFileReference; fileEncoding = 4; lastKnownFileType = sourcecode.c.objc; path = CombineTestVC.m; sourceTree = "<group>"; };
		804DB3311BF2E2C4002E9574 /* CombineTestVC.xib */ = {isa = PBXFileReference; fileEncoding = 4; lastKnownFileType = file.xib; path = CombineTestVC.xib; sourceTree = "<group>"; };
		804DB3321BF2E2C4002E9574 /* IndependentTestVC.h */ = {isa = PBXFileReference; fileEncoding = 4; lastKnownFileType = sourcecode.c.h; path = IndependentTestVC.h; sourceTree = "<group>"; };
		804DB3331BF2E2C4002E9574 /* IndependentTestVC.m */ = {isa = PBXFileReference; fileEncoding = 4; lastKnownFileType = sourcecode.c.objc; path = IndependentTestVC.m; sourceTree = "<group>"; };
		804DB3341BF2E2C4002E9574 /* IndependentTestVC.xib */ = {isa = PBXFileReference; fileEncoding = 4; lastKnownFileType = file.xib; path = IndependentTestVC.xib; sourceTree = "<group>"; };
		804DB33D1BF2E450002E9574 /* area.plist */ = {isa = PBXFileReference; fileEncoding = 4; lastKnownFileType = text.plist.xml; path = area.plist; sourceTree = "<group>"; };
		804DB33E1BF2E450002E9574 /* city.plist */ = {isa = PBXFileReference; fileEncoding = 4; lastKnownFileType = text.plist.xml; path = city.plist; sourceTree = "<group>"; };
		805A172E1BF2F7FB00424769 /* DropDownRadioButtons.h */ = {isa = PBXFileReference; fileEncoding = 4; lastKnownFileType = sourcecode.c.h; path = DropDownRadioButtons.h; sourceTree = "<group>"; };
		805A172F1BF2F7FB00424769 /* DropDownRadioButtons.m */ = {isa = PBXFileReference; fileEncoding = 4; lastKnownFileType = sourcecode.c.objc; path = DropDownRadioButtons.m; sourceTree = "<group>"; };
		8AB060FA626C286B14DBE3C5 /* Pods-CJPDropDownViewDemo.debug.xcconfig */ = {isa = PBXFileReference; includeInIndex = 1; lastKnownFileType = text.xcconfig; name = "Pods-CJPDropDownViewDemo.debug.xcconfig"; path = "Pods/Target Support Files/Pods-CJPDropDownViewDemo/Pods-CJPDropDownViewDemo.debug.xcconfig"; sourceTree = "<group>"; };
		B4E58B02A3290BD6D7AF1424 /* libPods-CJPDropDownViewDemo.a */ = {isa = PBXFileReference; explicitFileType = archive.ar; includeInIndex = 0; path = "libPods-CJPDropDownViewDemo.a"; sourceTree = BUILT_PRODUCTS_DIR; };
/* End PBXFileReference section */

/* Begin PBXFrameworksBuildPhase section */
		804DB2EA1BF2E059002E9574 /* Frameworks */ = {
			isa = PBXFrameworksBuildPhase;
			buildActionMask = 2147483647;
			files = (
				B432783FFEBE5C0C4DBEF5A5 /* libPods-CJPDropDownViewDemo.a in Frameworks */,
			);
			runOnlyForDeploymentPostprocessing = 0;
		};
		804DB3031BF2E059002E9574 /* Frameworks */ = {
			isa = PBXFrameworksBuildPhase;
			buildActionMask = 2147483647;
			files = (
			);
			runOnlyForDeploymentPostprocessing = 0;
		};
/* End PBXFrameworksBuildPhase section */

/* Begin PBXGroup section */
		37C2403C00BDC2553D9440A3 /* Frameworks */ = {
			isa = PBXGroup;
			children = (
				B4E58B02A3290BD6D7AF1424 /* libPods-CJPDropDownViewDemo.a */,
			);
			name = Frameworks;
			sourceTree = "<group>";
		};
		78F74A591D95B4EB00A88BAF /* CJDataListView */ = {
			isa = PBXGroup;
			children = (
				78F74A5A1D95B4EB00A88BAF /* CJDataGroupModel.h */,
				78F74A5B1D95B4EB00A88BAF /* CJDataGroupModel.m */,
				78F74A5C1D95B4EB00A88BAF /* CJDataListViewGroup.h */,
				78F74A5D1D95B4EB00A88BAF /* CJDataListViewGroup.m */,
				78F74A5E1D95B4EB00A88BAF /* CJDataListViewSingle.h */,
				78F74A5F1D95B4EB00A88BAF /* CJDataListViewSingle.m */,
			);
			path = CJDataListView;
			sourceTree = "<group>";
		};
		804DB2E41BF2E059002E9574 = {
			isa = PBXGroup;
			children = (
				804DB2EF1BF2E059002E9574 /* CJPDropDownViewDemo */,
				804DB3091BF2E059002E9574 /* CJPDropDownViewDemoTests */,
				804DB2EE1BF2E059002E9574 /* Products */,
				C52CE8FE6EF3D49FCBAD7086 /* Pods */,
				37C2403C00BDC2553D9440A3 /* Frameworks */,
			);
			sourceTree = "<group>";
		};
		804DB2EE1BF2E059002E9574 /* Products */ = {
			isa = PBXGroup;
			children = (
				804DB2ED1BF2E059002E9574 /* CJPDropDownViewDemo.app */,
				804DB3061BF2E059002E9574 /* CJPDropDownViewDemoTests.xctest */,
			);
			name = Products;
			sourceTree = "<group>";
		};
		804DB2EF1BF2E059002E9574 /* CJPDropDownViewDemo */ = {
			isa = PBXGroup;
			children = (
				804DB2F41BF2E059002E9574 /* AppDelegate.h */,
				804DB2F51BF2E059002E9574 /* AppDelegate.m */,
				804DB2F71BF2E059002E9574 /* ViewController.h */,
				804DB2F81BF2E059002E9574 /* ViewController.m */,
				78F74A591D95B4EB00A88BAF /* CJDataListView */,
				804DB33C1BF2E450002E9574 /* res_plist */,
				804DB32E1BF2E2C4002E9574 /* Controller */,
				805A172C1BF2F7FB00424769 /* CJPDropDownView */,
				804DB2FA1BF2E059002E9574 /* Main.storyboard */,
				804DB2FD1BF2E059002E9574 /* Images.xcassets */,
				804DB2FF1BF2E059002E9574 /* LaunchScreen.xib */,
				804DB2F01BF2E059002E9574 /* Supporting Files */,
			);
			path = CJPDropDownViewDemo;
			sourceTree = "<group>";
		};
		804DB2F01BF2E059002E9574 /* Supporting Files */ = {
			isa = PBXGroup;
			children = (
				804DB2F11BF2E059002E9574 /* Info.plist */,
				804DB2F21BF2E059002E9574 /* main.m */,
			);
			name = "Supporting Files";
			sourceTree = "<group>";
		};
		804DB3091BF2E059002E9574 /* CJPDropDownViewDemoTests */ = {
			isa = PBXGroup;
			children = (
				804DB30C1BF2E059002E9574 /* CJPDropDownViewDemoTests.m */,
				804DB30A1BF2E059002E9574 /* Supporting Files */,
			);
			path = CJPDropDownViewDemoTests;
			sourceTree = "<group>";
		};
		804DB30A1BF2E059002E9574 /* Supporting Files */ = {
			isa = PBXGroup;
			children = (
				804DB30B1BF2E059002E9574 /* Info.plist */,
			);
			name = "Supporting Files";
			sourceTree = "<group>";
		};
		804DB32E1BF2E2C4002E9574 /* Controller */ = {
			isa = PBXGroup;
			children = (
				804DB3321BF2E2C4002E9574 /* IndependentTestVC.h */,
				804DB3331BF2E2C4002E9574 /* IndependentTestVC.m */,
				804DB3341BF2E2C4002E9574 /* IndependentTestVC.xib */,
				804DB32F1BF2E2C4002E9574 /* CombineTestVC.h */,
				804DB3301BF2E2C4002E9574 /* CombineTestVC.m */,
				804DB3311BF2E2C4002E9574 /* CombineTestVC.xib */,
			);
			path = Controller;
			sourceTree = "<group>";
		};
		804DB33C1BF2E450002E9574 /* res_plist */ = {
			isa = PBXGroup;
			children = (
				804DB33D1BF2E450002E9574 /* area.plist */,
				804DB33E1BF2E450002E9574 /* city.plist */,
			);
			path = res_plist;
			sourceTree = "<group>";
		};
		805A172C1BF2F7FB00424769 /* CJPDropDownView */ = {
			isa = PBXGroup;
			children = (
				805A172D1BF2F7FB00424769 /* DropDownRadioButtons */,
			);
			name = CJPDropDownView;
			path = ../../../CJPDropDownView;
			sourceTree = "<group>";
		};
		805A172D1BF2F7FB00424769 /* DropDownRadioButtons */ = {
			isa = PBXGroup;
			children = (
				805A172E1BF2F7FB00424769 /* DropDownRadioButtons.h */,
				805A172F1BF2F7FB00424769 /* DropDownRadioButtons.m */,
			);
			path = DropDownRadioButtons;
			sourceTree = "<group>";
		};
		C52CE8FE6EF3D49FCBAD7086 /* Pods */ = {
			isa = PBXGroup;
			children = (
				8AB060FA626C286B14DBE3C5 /* Pods-CJPDropDownViewDemo.debug.xcconfig */,
				0AD111FE8F0AC101C91679C7 /* Pods-CJPDropDownViewDemo.release.xcconfig */,
			);
			name = Pods;
			sourceTree = "<group>";
		};
/* End PBXGroup section */

/* Begin PBXNativeTarget section */
		804DB2EC1BF2E059002E9574 /* CJPDropDownViewDemo */ = {
			isa = PBXNativeTarget;
			buildConfigurationList = 804DB3101BF2E059002E9574 /* Build configuration list for PBXNativeTarget "CJPDropDownViewDemo" */;
			buildPhases = (
				A1FD94DCFB8B726D7BA7A6E6 /* Check Pods Manifest.lock */,
				804DB2E91BF2E059002E9574 /* Sources */,
				804DB2EA1BF2E059002E9574 /* Frameworks */,
				804DB2EB1BF2E059002E9574 /* Resources */,
				5888CA3ADC868F883F9857B3 /* Embed Pods Frameworks */,
				57FDAFFE4BA169CEDC16359E /* Copy Pods Resources */,
			);
			buildRules = (
			);
			dependencies = (
			);
			name = CJPDropDownViewDemo;
			productName = CJPDropDownViewDemo;
			productReference = 804DB2ED1BF2E059002E9574 /* CJPDropDownViewDemo.app */;
			productType = "com.apple.product-type.application";
		};
		804DB3051BF2E059002E9574 /* CJPDropDownViewDemoTests */ = {
			isa = PBXNativeTarget;
			buildConfigurationList = 804DB3131BF2E059002E9574 /* Build configuration list for PBXNativeTarget "CJPDropDownViewDemoTests" */;
			buildPhases = (
				804DB3021BF2E059002E9574 /* Sources */,
				804DB3031BF2E059002E9574 /* Frameworks */,
				804DB3041BF2E059002E9574 /* Resources */,
			);
			buildRules = (
			);
			dependencies = (
				804DB3081BF2E059002E9574 /* PBXTargetDependency */,
			);
			name = CJPDropDownViewDemoTests;
			productName = CJPDropDownViewDemoTests;
			productReference = 804DB3061BF2E059002E9574 /* CJPDropDownViewDemoTests.xctest */;
			productType = "com.apple.product-type.bundle.unit-test";
		};
/* End PBXNativeTarget section */

/* Begin PBXProject section */
		804DB2E51BF2E059002E9574 /* Project object */ = {
			isa = PBXProject;
			attributes = {
				LastUpgradeCheck = 0620;
				ORGANIZATIONNAME = dvlproad;
				TargetAttributes = {
					804DB2EC1BF2E059002E9574 = {
						CreatedOnToolsVersion = 6.2;
					};
					804DB3051BF2E059002E9574 = {
						CreatedOnToolsVersion = 6.2;
						TestTargetID = 804DB2EC1BF2E059002E9574;
					};
				};
			};
			buildConfigurationList = 804DB2E81BF2E059002E9574 /* Build configuration list for PBXProject "CJPDropDownViewDemo" */;
			compatibilityVersion = "Xcode 3.2";
			developmentRegion = English;
			hasScannedForEncodings = 0;
			knownRegions = (
				en,
				Base,
			);
			mainGroup = 804DB2E41BF2E059002E9574;
			productRefGroup = 804DB2EE1BF2E059002E9574 /* Products */;
			projectDirPath = "";
			projectRoot = "";
			targets = (
				804DB2EC1BF2E059002E9574 /* CJPDropDownViewDemo */,
				804DB3051BF2E059002E9574 /* CJPDropDownViewDemoTests */,
			);
		};
/* End PBXProject section */

/* Begin PBXResourcesBuildPhase section */
		804DB2EB1BF2E059002E9574 /* Resources */ = {
			isa = PBXResourcesBuildPhase;
			buildActionMask = 2147483647;
			files = (
				804DB3361BF2E2C4002E9574 /* CombineTestVC.xib in Resources */,
				804DB3381BF2E2C4002E9574 /* IndependentTestVC.xib in Resources */,
				804DB3401BF2E450002E9574 /* city.plist in Resources */,
				804DB2FC1BF2E059002E9574 /* Main.storyboard in Resources */,
				804DB3011BF2E059002E9574 /* LaunchScreen.xib in Resources */,
				804DB33F1BF2E450002E9574 /* area.plist in Resources */,
				804DB2FE1BF2E059002E9574 /* Images.xcassets in Resources */,
			);
			runOnlyForDeploymentPostprocessing = 0;
		};
		804DB3041BF2E059002E9574 /* Resources */ = {
			isa = PBXResourcesBuildPhase;
			buildActionMask = 2147483647;
			files = (
			);
			runOnlyForDeploymentPostprocessing = 0;
		};
/* End PBXResourcesBuildPhase section */

/* Begin PBXShellScriptBuildPhase section */
		57FDAFFE4BA169CEDC16359E /* Copy Pods Resources */ = {
			isa = PBXShellScriptBuildPhase;
			buildActionMask = 2147483647;
			files = (
			);
			inputPaths = (
			);
			name = "Copy Pods Resources";
			outputPaths = (
			);
			runOnlyForDeploymentPostprocessing = 0;
			shellPath = /bin/sh;
			shellScript = "\"${SRCROOT}/Pods/Target Support Files/Pods-CJPDropDownViewDemo/Pods-CJPDropDownViewDemo-resources.sh\"\n";
			showEnvVarsInLog = 0;
		};
		5888CA3ADC868F883F9857B3 /* Embed Pods Frameworks */ = {
			isa = PBXShellScriptBuildPhase;
			buildActionMask = 2147483647;
			files = (
			);
			inputPaths = (
			);
			name = "Embed Pods Frameworks";
			outputPaths = (
			);
			runOnlyForDeploymentPostprocessing = 0;
			shellPath = /bin/sh;
			shellScript = "\"${SRCROOT}/Pods/Target Support Files/Pods-CJPDropDownViewDemo/Pods-CJPDropDownViewDemo-frameworks.sh\"\n";
			showEnvVarsInLog = 0;
		};
		A1FD94DCFB8B726D7BA7A6E6 /* Check Pods Manifest.lock */ = {
			isa = PBXShellScriptBuildPhase;
			buildActionMask = 2147483647;
			files = (
			);
			inputPaths = (
			);
			name = "Check Pods Manifest.lock";
			outputPaths = (
			);
			runOnlyForDeploymentPostprocessing = 0;
			shellPath = /bin/sh;
			shellScript = "diff \"${PODS_ROOT}/../Podfile.lock\" \"${PODS_ROOT}/Manifest.lock\" > /dev/null\nif [[ $? != 0 ]] ; then\n    cat << EOM\nerror: The sandbox is not in sync with the Podfile.lock. Run 'pod install' or update your CocoaPods installation.\nEOM\n    exit 1\nfi\n";
			showEnvVarsInLog = 0;
		};
/* End PBXShellScriptBuildPhase section */

/* Begin PBXSourcesBuildPhase section */
		804DB2E91BF2E059002E9574 /* Sources */ = {
			isa = PBXSourcesBuildPhase;
			buildActionMask = 2147483647;
			files = (
				78F74A621D95B4EB00A88BAF /* CJDataListViewSingle.m in Sources */,
				804DB3351BF2E2C4002E9574 /* CombineTestVC.m in Sources */,
				804DB3371BF2E2C4002E9574 /* IndependentTestVC.m in Sources */,
				804DB2F91BF2E059002E9574 /* ViewController.m in Sources */,
				78F74A611D95B4EB00A88BAF /* CJDataListViewGroup.m in Sources */,
				804DB2F61BF2E059002E9574 /* AppDelegate.m in Sources */,
				805A173F1BF2F7FB00424769 /* DropDownRadioButtons.m in Sources */,
				78F74A601D95B4EB00A88BAF /* CJDataGroupModel.m in Sources */,
				804DB2F31BF2E059002E9574 /* main.m in Sources */,
			);
			runOnlyForDeploymentPostprocessing = 0;
		};
		804DB3021BF2E059002E9574 /* Sources */ = {
			isa = PBXSourcesBuildPhase;
			buildActionMask = 2147483647;
			files = (
				804DB30D1BF2E059002E9574 /* CJPDropDownViewDemoTests.m in Sources */,
			);
			runOnlyForDeploymentPostprocessing = 0;
		};
/* End PBXSourcesBuildPhase section */

/* Begin PBXTargetDependency section */
		804DB3081BF2E059002E9574 /* PBXTargetDependency */ = {
			isa = PBXTargetDependency;
			target = 804DB2EC1BF2E059002E9574 /* CJPDropDownViewDemo */;
			targetProxy = 804DB3071BF2E059002E9574 /* PBXContainerItemProxy */;
		};
/* End PBXTargetDependency section */

/* Begin PBXVariantGroup section */
		804DB2FA1BF2E059002E9574 /* Main.storyboard */ = {
			isa = PBXVariantGroup;
			children = (
				804DB2FB1BF2E059002E9574 /* Base */,
			);
			name = Main.storyboard;
			sourceTree = "<group>";
		};
		804DB2FF1BF2E059002E9574 /* LaunchScreen.xib */ = {
			isa = PBXVariantGroup;
			children = (
				804DB3001BF2E059002E9574 /* Base */,
			);
			name = LaunchScreen.xib;
			sourceTree = "<group>";
		};
/* End PBXVariantGroup section */

/* Begin XCBuildConfiguration section */
		804DB30E1BF2E059002E9574 /* Debug */ = {
			isa = XCBuildConfiguration;
			buildSettings = {
				ALWAYS_SEARCH_USER_PATHS = NO;
				CLANG_CXX_LANGUAGE_STANDARD = "gnu++0x";
				CLANG_CXX_LIBRARY = "libc++";
				CLANG_ENABLE_MODULES = YES;
				CLANG_ENABLE_OBJC_ARC = YES;
				CLANG_WARN_BOOL_CONVERSION = YES;
				CLANG_WARN_CONSTANT_CONVERSION = YES;
				CLANG_WARN_DIRECT_OBJC_ISA_USAGE = YES_ERROR;
				CLANG_WARN_EMPTY_BODY = YES;
				CLANG_WARN_ENUM_CONVERSION = YES;
				CLANG_WARN_INT_CONVERSION = YES;
				CLANG_WARN_OBJC_ROOT_CLASS = YES_ERROR;
				CLANG_WARN_UNREACHABLE_CODE = YES;
				CLANG_WARN__DUPLICATE_METHOD_MATCH = YES;
				"CODE_SIGN_IDENTITY[sdk=iphoneos*]" = "iPhone Developer";
				COPY_PHASE_STRIP = NO;
				ENABLE_STRICT_OBJC_MSGSEND = YES;
				GCC_C_LANGUAGE_STANDARD = gnu99;
				GCC_DYNAMIC_NO_PIC = NO;
				GCC_OPTIMIZATION_LEVEL = 0;
				GCC_PREPROCESSOR_DEFINITIONS = (
					"DEBUG=1",
					"$(inherited)",
				);
				GCC_SYMBOLS_PRIVATE_EXTERN = NO;
				GCC_WARN_64_TO_32_BIT_CONVERSION = YES;
				GCC_WARN_ABOUT_RETURN_TYPE = YES_ERROR;
				GCC_WARN_UNDECLARED_SELECTOR = YES;
				GCC_WARN_UNINITIALIZED_AUTOS = YES_AGGRESSIVE;
				GCC_WARN_UNUSED_FUNCTION = YES;
				GCC_WARN_UNUSED_VARIABLE = YES;
				IPHONEOS_DEPLOYMENT_TARGET = 8.2;
				MTL_ENABLE_DEBUG_INFO = YES;
				ONLY_ACTIVE_ARCH = YES;
				SDKROOT = iphoneos;
			};
			name = Debug;
		};
		804DB30F1BF2E059002E9574 /* Release */ = {
			isa = XCBuildConfiguration;
			buildSettings = {
				ALWAYS_SEARCH_USER_PATHS = NO;
				CLANG_CXX_LANGUAGE_STANDARD = "gnu++0x";
				CLANG_CXX_LIBRARY = "libc++";
				CLANG_ENABLE_MODULES = YES;
				CLANG_ENABLE_OBJC_ARC = YES;
				CLANG_WARN_BOOL_CONVERSION = YES;
				CLANG_WARN_CONSTANT_CONVERSION = YES;
				CLANG_WARN_DIRECT_OBJC_ISA_USAGE = YES_ERROR;
				CLANG_WARN_EMPTY_BODY = YES;
				CLANG_WARN_ENUM_CONVERSION = YES;
				CLANG_WARN_INT_CONVERSION = YES;
				CLANG_WARN_OBJC_ROOT_CLASS = YES_ERROR;
				CLANG_WARN_UNREACHABLE_CODE = YES;
				CLANG_WARN__DUPLICATE_METHOD_MATCH = YES;
				"CODE_SIGN_IDENTITY[sdk=iphoneos*]" = "iPhone Developer";
				COPY_PHASE_STRIP = NO;
				ENABLE_NS_ASSERTIONS = NO;
				ENABLE_STRICT_OBJC_MSGSEND = YES;
				GCC_C_LANGUAGE_STANDARD = gnu99;
				GCC_WARN_64_TO_32_BIT_CONVERSION = YES;
				GCC_WARN_ABOUT_RETURN_TYPE = YES_ERROR;
				GCC_WARN_UNDECLARED_SELECTOR = YES;
				GCC_WARN_UNINITIALIZED_AUTOS = YES_AGGRESSIVE;
				GCC_WARN_UNUSED_FUNCTION = YES;
				GCC_WARN_UNUSED_VARIABLE = YES;
				IPHONEOS_DEPLOYMENT_TARGET = 8.2;
				MTL_ENABLE_DEBUG_INFO = NO;
				SDKROOT = iphoneos;
				VALIDATE_PRODUCT = YES;
			};
			name = Release;
		};
		804DB3111BF2E059002E9574 /* Debug */ = {
			isa = XCBuildConfiguration;
			baseConfigurationReference = 8AB060FA626C286B14DBE3C5 /* Pods-CJPDropDownViewDemo.debug.xcconfig */;
			buildSettings = {
				ASSETCATALOG_COMPILER_APPICON_NAME = AppIcon;
				INFOPLIST_FILE = CJPDropDownViewDemo/Info.plist;
				LD_RUNPATH_SEARCH_PATHS = "$(inherited) @executable_path/Frameworks";
				PRODUCT_NAME = "$(TARGET_NAME)";
			};
			name = Debug;
		};
		804DB3121BF2E059002E9574 /* Release */ = {
			isa = XCBuildConfiguration;
			baseConfigurationReference = 0AD111FE8F0AC101C91679C7 /* Pods-CJPDropDownViewDemo.release.xcconfig */;
			buildSettings = {
				ASSETCATALOG_COMPILER_APPICON_NAME = AppIcon;
				INFOPLIST_FILE = CJPDropDownViewDemo/Info.plist;
				LD_RUNPATH_SEARCH_PATHS = "$(inherited) @executable_path/Frameworks";
				PRODUCT_NAME = "$(TARGET_NAME)";
			};
			name = Release;
		};
		804DB3141BF2E059002E9574 /* Debug */ = {
			isa = XCBuildConfiguration;
			buildSettings = {
				BUNDLE_LOADER = "$(TEST_HOST)";
				FRAMEWORK_SEARCH_PATHS = (
					"$(SDKROOT)/Developer/Library/Frameworks",
					"$(inherited)",
				);
				GCC_PREPROCESSOR_DEFINITIONS = (
					"DEBUG=1",
					"$(inherited)",
				);
				INFOPLIST_FILE = CJPDropDownViewDemoTests/Info.plist;
				LD_RUNPATH_SEARCH_PATHS = "$(inherited) @executable_path/Frameworks @loader_path/Frameworks";
				PRODUCT_NAME = "$(TARGET_NAME)";
				TEST_HOST = "$(BUILT_PRODUCTS_DIR)/CJPDropDownViewDemo.app/CJPDropDownViewDemo";
			};
			name = Debug;
		};
		804DB3151BF2E059002E9574 /* Release */ = {
			isa = XCBuildConfiguration;
			buildSettings = {
				BUNDLE_LOADER = "$(TEST_HOST)";
				FRAMEWORK_SEARCH_PATHS = (
					"$(SDKROOT)/Developer/Library/Frameworks",
					"$(inherited)",
				);
				INFOPLIST_FILE = CJPDropDownViewDemoTests/Info.plist;
				LD_RUNPATH_SEARCH_PATHS = "$(inherited) @executable_path/Frameworks @loader_path/Frameworks";
				PRODUCT_NAME = "$(TARGET_NAME)";
				TEST_HOST = "$(BUILT_PRODUCTS_DIR)/CJPDropDownViewDemo.app/CJPDropDownViewDemo";
			};
			name = Release;
		};
/* End XCBuildConfiguration section */

/* Begin XCConfigurationList section */
		804DB2E81BF2E059002E9574 /* Build configuration list for PBXProject "CJPDropDownViewDemo" */ = {
			isa = XCConfigurationList;
			buildConfigurations = (
				804DB30E1BF2E059002E9574 /* Debug */,
				804DB30F1BF2E059002E9574 /* Release */,
			);
			defaultConfigurationIsVisible = 0;
			defaultConfigurationName = Release;
		};
		804DB3101BF2E059002E9574 /* Build configuration list for PBXNativeTarget "CJPDropDownViewDemo" */ = {
			isa = XCConfigurationList;
			buildConfigurations = (
				804DB3111BF2E059002E9574 /* Debug */,
				804DB3121BF2E059002E9574 /* Release */,
			);
			defaultConfigurationIsVisible = 0;
			defaultConfigurationName = Release;
		};
		804DB3131BF2E059002E9574 /* Build configuration list for PBXNativeTarget "CJPDropDownViewDemoTests" */ = {
			isa = XCConfigurationList;
			buildConfigurations = (
				804DB3141BF2E059002E9574 /* Debug */,
				804DB3151BF2E059002E9574 /* Release */,
			);
			defaultConfigurationIsVisible = 0;
			defaultConfigurationName = Release;
		};
/* End XCConfigurationList section */
	};
	rootObject = 804DB2E51BF2E059002E9574 /* Project object */;
}
