PODS:
  - CJBaseHelper/AuthorizationCJHelper (0.1.4)
  - CJBaseHelper/NSObjectCJHelper (0.1.4)
  - CJBaseUIKit/UIImage (0.6.0)
  - CJBaseUIKit/UIToolbar (0.6.0):
    - CJBaseUIKit/UIImage
  - CJBaseUIKit/UIView/CJPopupAction (0.6.0)
  - CJPhotoBrowser (0.1.0):
    - Masonry
    - MBProgressHUD
    - SDWebImage
  - CJRadio (1.4.0):
    - CJRadio/CJCycleComposeView (= 1.4.0)
    - CJRadio/CJRadioButtonCycleComposeView (= 1.4.0)
    - CJRadio/CJRadioButtons (= 1.4.0)
  - CJRadio/CJCycleComposeView (1.4.0)
  - CJRadio/CJRadioButtonCycleComposeView (1.4.0):
    - CJRadio/CJCycleComposeView
    - CJRadio/CJRadioButtons
  - CJRadio/CJRadioButtons (1.4.0)
  - CQDemoKit/BaseUtil (0.5.6)
  - CQDemoKit/BaseVC (0.5.6):
    - CQDemoKit/BaseVC/Base (= 0.5.6)
    - CQDemoKit/BaseVC/Collection (= 0.5.6)
    - CQDemoKit/BaseVC/ScrollView (= 0.5.6)
    - CQDemoKit/BaseVC/TableView (= 0.5.6)
    - CQDemoKit/BaseVC/TextView (= 0.5.6)
  - CQDemoKit/BaseVC/Base (0.5.6):
    - Masonry
  - CQDemoKit/BaseVC/Collection (0.5.6):
    - CQDemoKit/BaseVC/Base
  - CQDemoKit/BaseVC/ScrollView (0.5.6):
    - CQDemoKit/BaseVC/Base
  - CQDemoKit/BaseVC/TableView (0.5.6):
    - CQDemoKit/BaseVC/Base
  - CQDemoKit/BaseVC/TextView (0.5.6):
    - CQDemoKit/BaseUtil
    - CQDemoKit/BaseVC/Base
  - Masonry (1.1.0)
  - MBProgressHUD (1.2.0)
  - SDWebImage (5.8.4):
    - SDWebImage/Core (= 5.8.4)
  - SDWebImage/Core (5.8.4)

DEPENDENCIES:
  - CJBaseHelper/AuthorizationCJHelper
  - CJBaseHelper/NSObjectCJHelper
  - CJBaseUIKit/UIToolbar
  - CJBaseUIKit/UIView/CJPopupAction
  - CJPhotoBrowser (from `../../`)
  - CJRadio (~> 1.4.0)
  - CQDemoKit/BaseUtil (~> 0.5.6)
  - CQDemoKit/BaseVC (~> 0.5.6)
  - Masonry
  - SDWebImage

SPEC REPOS:
  https://github.com/CocoaPods/Specs.git:
    - CJBaseHelper
    - CJBaseUIKit
    - CJRadio
    - CQDemoKit
    - Masonry
    - MBProgressHUD
    - SDWebImage

EXTERNAL SOURCES:
  CJPhotoBrowser:
    :path: "../../"

SPEC CHECKSUMS:
  CJBaseHelper: dd715e18591da9df5d06364098300591220f0535
  CJBaseUIKit: d4945467678c73b872c7ddfb5367d4063ff28add
  CJPhotoBrowser: 2cc54a6af61680e28d11b593f0bf80740417109a
  CJRadio: d6bb98e614ae834a21801006537a046bb53c7c73
  CQDemoKit: 07874548bcda546e1c4d714cd73b66fd9207a707
  Masonry: 678fab65091a9290e40e2832a55e7ab731aad201
  MBProgressHUD: 3ee5efcc380f6a79a7cc9b363dd669c5e1ae7406
  SDWebImage: cf6922231e95550934da2ada0f20f2becf2ceba9

PODFILE CHECKSUM: 53588056fd411cac68030f40c3eca320db808f09

COCOAPODS: 1.10.0
