PODS:
  - CJBaseUIKit/CJCollectionView/CJBaseCollectionViewCell (0.1.4)
  - CJBaseUIKit/CJCollectionView/MyEqualCellSizeCollectionView (0.1.4)
  - CJBaseUIKit/CJToast (0.1.4):
    - MBProgressHUD
  - CJBaseUIKit/UIToolbar (0.1.4)
  - CJPopupAction (1.4.2)
  - CJRadio (1.0.3):
    - CJRadio/CJRadioButtons (= 1.0.3)
    - CJRadio/CJRadioComposeView (= 1.0.3)
  - CJRadio/CJRadioButtons (1.0.3):
    - CJPopupAction (~> 1.4.2)
  - CJRadio/CJRadioComposeView (1.0.3)
  - DateTools (2.0.0)
  - JGActionSheet (1.0.5)
  - JSONModel (1.7.0)
  - Mantle (2.1.0):
    - Mantle/extobjc (= 2.1.0)
  - Mantle/extobjc (2.1.0)
  - Masonry (1.0.2)
  - MBProgressHUD (1.0.0)
  - PureLayout (3.0.2)
  - SDWebImage (4.0.0):
    - SDWebImage/Core (= 4.0.0)
  - SDWebImage/Core (4.0.0)
  - SVProgressHUD (2.1.2)

DEPENDENCIES:
  - CJBaseUIKit/CJCollectionView/CJBaseCollectionViewCell (~> 0.1.4)
  - CJBaseUIKit/CJCollectionView/MyEqualCellSizeCollectionView (~> 0.1.4)
  - CJBaseUIKit/CJToast (~> 0.1.4)
  - CJBaseUIKit/UIToolbar (~> 0.1.4)
  - CJRadio (~> 1.0.3)
  - DateTools (~> 2.0.0)
  - JGActionSheet (~> 1.0.5)
  - JSONModel (~> 1.7.0)
  - Mantle (~> 2.1.0)
  - Masonry (~> 1.0.2)
  - MBProgressHUD (~> 1.0.0)
  - PureLayout (~> 3.0.2)
  - SDWebImage (~> 4.0.0)
  - SVProgressHUD (~> 2.1.2)

SPEC CHECKSUMS:
  CJBaseUIKit: fb0f19af45291d3e9232d2be94f7aff41448e03c
  CJPopupAction: e491b5f3fdb9d50dddedf450eeb94e36cc61b749
  CJRadio: 30525fedd08d706a7212ba508a253ba5817c770b
  DateTools: 933ac9c490f21f92127cf690ccd8c397e0126caf
  JGActionSheet: 2cfca820b57a11ec4b4a5655d45ee599fbeddc05
  JSONModel: 840bc0fcffb24b8454d2c026bf26fea454b8e98d
  Mantle: 2fa750afa478cd625a94230fbf1c13462f29395b
  Masonry: 7c429b56da9d4ee0bbb3ed77a5ea710d6a5df39e
  MBProgressHUD: 4890f671c94e8a0f3cf959aa731e9de2f036d71a
  PureLayout: 4d550abe49a94f24c2808b9b95db9131685fe4cd
  SDWebImage: 76a6348bdc74eb5a55dd08a091ef298e56b55e41
  SVProgressHUD: c404a55d78acbeb7ebb78b76d3faf986475a6994

PODFILE CHECKSUM: f31f1fa72e0d587c1eb2b49e7c461220eb2d3a52

COCOAPODS: 1.4.0.beta.1
